
Microsoft Visual Studio Solution File, Format Version 12.00
# Visual Studio Version 17
VisualStudioVersion = 17.5.33627.172
MinimumVisualStudioVersion = 10.0.40219.1
Project("{9A19103F-16F7-4668-BE54-9A1E7A4F7556}") = "RubberDuckDebuggers", "Rubber Duck Debuggers\RubberDuckDebuggers.csproj", "{DC2DE26C-E694-4D32-A7A5-2028D0DAFD7D}"
EndProject
Project("{9A19103F-16F7-4668-BE54-9A1E7A4F7556}") = "TheSquirrel", "TheSquirrel\TheSquirrel.csproj", "{B6AE1F8E-DE2F-4902-8319-8911557691E0}"
EndProject
Project("{9A19103F-16F7-4668-BE54-9A1E7A4F7556}") = "ClothesMagazine", "ClothesMagazine\ClothesMagazine.csproj", "{94F470F0-37B0-495F-8322-19A83F7E9890}"
EndProject
Project("{9A19103F-16F7-4668-BE54-9A1E7A4F7556}") = "ApocalypsePreparation", "ApocalypsePreparation\ApocalypsePreparation.csproj", "{3B6B884F-5C28-4EC6-818D-2264C6CEC9F4}"
EndProject
Project("{9A19103F-16F7-4668-BE54-9A1E7A4F7556}") = "BlindMansBuff", "BlindMansBuff\BlindMansBuff.csproj", "{A92339EF-3D2D-442A-93F1-FD05040C4188}"
EndProject
Project("{9A19103F-16F7-4668-BE54-9A1E7A4F7556}") = "SoftUniKindergarten", "SoftUniKindergarten\SoftUniKindergarten.csproj", "{2312CF12-EA49-47A0-A274-B3335BB9D148}"
EndProject
Project("{9A19103F-16F7-4668-BE54-9A1E7A4F7556}") = "ClimbThePeaks", "ClimbThePeaks\ClimbThePeaks.csproj", "{31B46080-E6AC-4F2F-9F45-A00AD591B260}"
EndProject
Project("{9A19103F-16F7-4668-BE54-9A1E7A4F7556}") = "BakeryShop", "BakeryShop\BakeryShop.csproj", "{BB0B6E17-952C-4D4A-8374-C667DF5AA6C2}"
EndProject
Project("{9A19103F-16F7-4668-BE54-9A1E7A4F7556}") = "BaristaContest", "BaristaContest\BaristaContest.csproj", "{AE5CED0D-EF21-4554-BA0D-6EDB12383709}"
EndProject
Project("{FAE04EC0-301F-11D3-BF4B-00C04F79EFBC}") = "BirthdayCelebration", "BirthdayCelebration\BirthdayCelebration.csproj", "{071EDD2F-6031-4385-9403-BC23157E3EEB}"
EndProject
Global
	GlobalSection(SolutionConfigurationPlatforms) = preSolution
		Debug|Any CPU = Debug|Any CPU
		Release|Any CPU = Release|Any CPU
	EndGlobalSection
	GlobalSection(ProjectConfigurationPlatforms) = postSolution
		{DC2DE26C-E694-4D32-A7A5-2028D0DAFD7D}.Debug|Any CPU.ActiveCfg = Debug|Any CPU
		{DC2DE26C-E694-4D32-A7A5-2028D0DAFD7D}.Debug|Any CPU.Build.0 = Debug|Any CPU
		{DC2DE26C-E694-4D32-A7A5-2028D0DAFD7D}.Release|Any CPU.ActiveCfg = Release|Any CPU
		{DC2DE26C-E694-4D32-A7A5-2028D0DAFD7D}.Release|Any CPU.Build.0 = Release|Any CPU
		{B6AE1F8E-DE2F-4902-8319-8911557691E0}.Debug|Any CPU.ActiveCfg = Debug|Any CPU
		{B6AE1F8E-DE2F-4902-8319-8911557691E0}.Debug|Any CPU.Build.0 = Debug|Any CPU
		{B6AE1F8E-DE2F-4902-8319-8911557691E0}.Release|Any CPU.ActiveCfg = Release|Any CPU
		{B6AE1F8E-DE2F-4902-8319-8911557691E0}.Release|Any CPU.Build.0 = Release|Any CPU
		{94F470F0-37B0-495F-8322-19A83F7E9890}.Debug|Any CPU.ActiveCfg = Debug|Any CPU
		{94F470F0-37B0-495F-8322-19A83F7E9890}.Debug|Any CPU.Build.0 = Debug|Any CPU
		{94F470F0-37B0-495F-8322-19A83F7E9890}.Release|Any CPU.ActiveCfg = Release|Any CPU
		{94F470F0-37B0-495F-8322-19A83F7E9890}.Release|Any CPU.Build.0 = Release|Any CPU
		{3B6B884F-5C28-4EC6-818D-2264C6CEC9F4}.Debug|Any CPU.ActiveCfg = Debug|Any CPU
		{3B6B884F-5C28-4EC6-818D-2264C6CEC9F4}.Debug|Any CPU.Build.0 = Debug|Any CPU
		{3B6B884F-5C28-4EC6-818D-2264C6CEC9F4}.Release|Any CPU.ActiveCfg = Release|Any CPU
		{3B6B884F-5C28-4EC6-818D-2264C6CEC9F4}.Release|Any CPU.Build.0 = Release|Any CPU
		{A92339EF-3D2D-442A-93F1-FD05040C4188}.Debug|Any CPU.ActiveCfg = Debug|Any CPU
		{A92339EF-3D2D-442A-93F1-FD05040C4188}.Debug|Any CPU.Build.0 = Debug|Any CPU
		{A92339EF-3D2D-442A-93F1-FD05040C4188}.Release|Any CPU.ActiveCfg = Release|Any CPU
		{A92339EF-3D2D-442A-93F1-FD05040C4188}.Release|Any CPU.Build.0 = Release|Any CPU
		{2312CF12-EA49-47A0-A274-B3335BB9D148}.Debug|Any CPU.ActiveCfg = Debug|Any CPU
		{2312CF12-EA49-47A0-A274-B3335BB9D148}.Debug|Any CPU.Build.0 = Debug|Any CPU
		{2312CF12-EA49-47A0-A274-B3335BB9D148}.Release|Any CPU.ActiveCfg = Release|Any CPU
		{2312CF12-EA49-47A0-A274-B3335BB9D148}.Release|Any CPU.Build.0 = Release|Any CPU
		{31B46080-E6AC-4F2F-9F45-A00AD591B260}.Debug|Any CPU.ActiveCfg = Debug|Any CPU
		{31B46080-E6AC-4F2F-9F45-A00AD591B260}.Debug|Any CPU.Build.0 = Debug|Any CPU
		{31B46080-E6AC-4F2F-9F45-A00AD591B260}.Release|Any CPU.ActiveCfg = Release|Any CPU
		{31B46080-E6AC-4F2F-9F45-A00AD591B260}.Release|Any CPU.Build.0 = Release|Any CPU
		{BB0B6E17-952C-4D4A-8374-C667DF5AA6C2}.Debug|Any CPU.ActiveCfg = Debug|Any CPU
		{BB0B6E17-952C-4D4A-8374-C667DF5AA6C2}.Debug|Any CPU.Build.0 = Debug|Any CPU
		{BB0B6E17-952C-4D4A-8374-C667DF5AA6C2}.Release|Any CPU.ActiveCfg = Release|Any CPU
		{BB0B6E17-952C-4D4A-8374-C667DF5AA6C2}.Release|Any CPU.Build.0 = Release|Any CPU
		{AE5CED0D-EF21-4554-BA0D-6EDB12383709}.Debug|Any CPU.ActiveCfg = Debug|Any CPU
		{AE5CED0D-EF21-4554-BA0D-6EDB12383709}.Debug|Any CPU.Build.0 = Debug|Any CPU
		{AE5CED0D-EF21-4554-BA0D-6EDB12383709}.Release|Any CPU.ActiveCfg = Release|Any CPU
		{AE5CED0D-EF21-4554-BA0D-6EDB12383709}.Release|Any CPU.Build.0 = Release|Any CPU
		{071EDD2F-6031-4385-9403-BC23157E3EEB}.Debug|Any CPU.ActiveCfg = Debug|Any CPU
		{071EDD2F-6031-4385-9403-BC23157E3EEB}.Debug|Any CPU.Build.0 = Debug|Any CPU
		{071EDD2F-6031-4385-9403-BC23157E3EEB}.Release|Any CPU.ActiveCfg = Release|Any CPU
		{071EDD2F-6031-4385-9403-BC23157E3EEB}.Release|Any CPU.Build.0 = Release|Any CPU
	EndGlobalSection
	GlobalSection(SolutionProperties) = preSolution
		HideSolutionNode = FALSE
	EndGlobalSection
	GlobalSection(ExtensibilityGlobals) = postSolution
		SolutionGuid = {23202B47-C0F4-463F-8EAB-41FA37A1AFF2}
	EndGlobalSection
EndGlobal
